
Microsoft Visual Studio Solution File, Format Version 12.00
# Visual Studio Version 17
VisualStudioVersion = 17.9.34701.34
MinimumVisualStudioVersion = 10.0.40219.1
Project("{FAE04EC0-301F-11D3-BF4B-00C04F79EFBC}") = "QuanLyVatTu", "QuanLyVatTu\QuanLyVatTu.csproj", "{13E58F05-BADD-431F-A56E-B58C4AADB732}"
EndProject
Global
	GlobalSection(SolutionConfigurationPlatforms) = preSolution
		Debug|Any CPU = Debug|Any CPU
		Release|Any CPU = Release|Any CPU
	EndGlobalSection
	GlobalSection(ProjectConfigurationPlatforms) = postSolution
		{13E58F05-BADD-431F-A56E-B58C4AADB732}.Debug|Any CPU.ActiveCfg = Debug|Any CPU
		{13E58F05-BADD-431F-A56E-B58C4AADB732}.Debug|Any CPU.Build.0 = Debug|Any CPU
		{13E58F05-BADD-431F-A56E-B58C4AADB732}.Release|Any CPU.ActiveCfg = Release|Any CPU
		{13E58F05-BADD-431F-A56E-B58C4AADB732}.Release|Any CPU.Build.0 = Release|Any CPU
	EndGlobalSection
	GlobalSection(SolutionProperties) = preSolution
		HideSolutionNode = FALSE
	EndGlobalSection
	GlobalSection(ExtensibilityGlobals) = postSolution
		SolutionGuid = {3E835207-B6DE-438E-84BA-A16B06944644}
	EndGlobalSection
EndGlobal
